
Microsoft Visual Studio Solution File, Format Version 12.00
# Visual Studio Version 17
VisualStudioVersion = 17.4.33213.308
MinimumVisualStudioVersion = 10.0.40219.1
Project("{FAE04EC0-301F-11D3-BF4B-00C04F79EFBC}") = "UseCase6-3", "UseCase6-3\UseCase6-3.csproj", "{74B99375-7D1E-479D-B15D-882F4CCDAFD9}"
EndProject
Global
	GlobalSection(SolutionConfigurationPlatforms) = preSolution
		Debug|Any CPU = Debug|Any CPU
		Release|Any CPU = Release|Any CPU
	EndGlobalSection
	GlobalSection(ProjectConfigurationPlatforms) = postSolution
		{74B99375-7D1E-479D-B15D-882F4CCDAFD9}.Debug|Any CPU.ActiveCfg = Debug|Any CPU
		{74B99375-7D1E-479D-B15D-882F4CCDAFD9}.Debug|Any CPU.Build.0 = Debug|Any CPU
		{74B99375-7D1E-479D-B15D-882F4CCDAFD9}.Release|Any CPU.ActiveCfg = Release|Any CPU
		{74B99375-7D1E-479D-B15D-882F4CCDAFD9}.Release|Any CPU.Build.0 = Release|Any CPU
	EndGlobalSection
	GlobalSection(SolutionProperties) = preSolution
		HideSolutionNode = FALSE
	EndGlobalSection
	GlobalSection(ExtensibilityGlobals) = postSolution
		SolutionGuid = {CBF5D3DA-448F-41C9-8303-C112053A44B7}
	EndGlobalSection
EndGlobal
