
Microsoft Visual Studio Solution File, Format Version 12.00
# Visual Studio Version 17
VisualStudioVersion = 17.4.33213.308
MinimumVisualStudioVersion = 10.0.40219.1
Project("{FAE04EC0-301F-11D3-BF4B-00C04F79EFBC}") = "UseCase11", "UseCase11\UseCase11.csproj", "{B203A24D-5706-46C3-AEE1-46F97E60365A}"
EndProject
Global
	GlobalSection(SolutionConfigurationPlatforms) = preSolution
		Debug|Any CPU = Debug|Any CPU
		Release|Any CPU = Release|Any CPU
	EndGlobalSection
	GlobalSection(ProjectConfigurationPlatforms) = postSolution
		{B203A24D-5706-46C3-AEE1-46F97E60365A}.Debug|Any CPU.ActiveCfg = Debug|Any CPU
		{B203A24D-5706-46C3-AEE1-46F97E60365A}.Debug|Any CPU.Build.0 = Debug|Any CPU
		{B203A24D-5706-46C3-AEE1-46F97E60365A}.Release|Any CPU.ActiveCfg = Release|Any CPU
		{B203A24D-5706-46C3-AEE1-46F97E60365A}.Release|Any CPU.Build.0 = Release|Any CPU
	EndGlobalSection
	GlobalSection(SolutionProperties) = preSolution
		HideSolutionNode = FALSE
	EndGlobalSection
	GlobalSection(ExtensibilityGlobals) = postSolution
		SolutionGuid = {A8626B81-C3D4-4F45-B9E2-CDEECA2C934C}
	EndGlobalSection
EndGlobal
