
Microsoft Visual Studio Solution File, Format Version 12.00
# Visual Studio Version 17
VisualStudioVersion = 17.4.33213.308
MinimumVisualStudioVersion = 10.0.40219.1
Project("{FAE04EC0-301F-11D3-BF4B-00C04F79EFBC}") = "UseCase13", "UseCase13\UseCase13.csproj", "{FC61A80D-9FAC-4F8D-B629-6BE5FC48FD53}"
EndProject
Global
	GlobalSection(SolutionConfigurationPlatforms) = preSolution
		Debug|Any CPU = Debug|Any CPU
		Release|Any CPU = Release|Any CPU
	EndGlobalSection
	GlobalSection(ProjectConfigurationPlatforms) = postSolution
		{FC61A80D-9FAC-4F8D-B629-6BE5FC48FD53}.Debug|Any CPU.ActiveCfg = Debug|Any CPU
		{FC61A80D-9FAC-4F8D-B629-6BE5FC48FD53}.Debug|Any CPU.Build.0 = Debug|Any CPU
		{FC61A80D-9FAC-4F8D-B629-6BE5FC48FD53}.Release|Any CPU.ActiveCfg = Release|Any CPU
		{FC61A80D-9FAC-4F8D-B629-6BE5FC48FD53}.Release|Any CPU.Build.0 = Release|Any CPU
	EndGlobalSection
	GlobalSection(SolutionProperties) = preSolution
		HideSolutionNode = FALSE
	EndGlobalSection
	GlobalSection(ExtensibilityGlobals) = postSolution
		SolutionGuid = {0B68A9EF-C199-4240-B8FA-639D8CBCE668}
	EndGlobalSection
EndGlobal
